{
  "originHash" : "1efd4c65614c2e3f7a9c0baf6cd39415047e7c0e3ce3fda65bcb8be7319c68c2",
  "pins" : [
    {
      "identity" : "libwebp-xcode",
      "kind" : "remoteSourceControl",
      "location" : "https://github.com/SDWebImage/libwebp-Xcode",
      "state" : {
        "revision" : "2b5256c29ff4e20f2a0d5ee863b62b1a22144434",
        "version" : "1.6.0"
      }
    }
  ],
  "version" : 3
}
